
Microsoft Visual Studio Solution File, Format Version 12.00
Project("{FAE04EC0-301F-11D3-BF4B-00C04F79EFBC}") = "CodePulse.API", "CodePulse.API\CodePulse.API.csproj", "{9343B820-91A8-4177-BE6E-52C7E4BFD2E0}"
EndProject
Global
	GlobalSection(SolutionConfigurationPlatforms) = preSolution
		Debug|Any CPU = Debug|Any CPU
		Release|Any CPU = Release|Any CPU
	EndGlobalSection
	GlobalSection(ProjectConfigurationPlatforms) = postSolution
		{9343B820-91A8-4177-BE6E-52C7E4BFD2E0}.Debug|Any CPU.ActiveCfg = Debug|Any CPU
		{9343B820-91A8-4177-BE6E-52C7E4BFD2E0}.Debug|Any CPU.Build.0 = Debug|Any CPU
		{9343B820-91A8-4177-BE6E-52C7E4BFD2E0}.Release|Any CPU.ActiveCfg = Release|Any CPU
		{9343B820-91A8-4177-BE6E-52C7E4BFD2E0}.Release|Any CPU.Build.0 = Release|Any CPU
	EndGlobalSection
EndGlobal
